
Microsoft Visual Studio Solution File, Format Version 12.00
# Visual Studio 15
VisualStudioVersion = 15.0.27004.2009
MinimumVisualStudioVersion = 10.0.40219.1
Project("{9A19103F-16F7-4668-BE54-9A1E7A4F7556}") = "ISMeetup", "ISMeetup\ISMeetup.csproj", "{C541CF39-296B-49FA-959C-A954E4732C7D}"
EndProject
Project("{FAE04EC0-301F-11D3-BF4B-00C04F79EFBC}") = "ClienteMVC", "ClienteMVC\ClienteMVC.csproj", "{6666DE8C-6B87-4550-A293-EE58EE2FDE3F}"
EndProject
Project("{FAE04EC0-301F-11D3-BF4B-00C04F79EFBC}") = "ClienteWebApi", "ClienteWebApi\ClienteWebApi.csproj", "{BAB48080-288E-404C-A5EE-947909FA92E9}"
EndProject
Global
	GlobalSection(SolutionConfigurationPlatforms) = preSolution
		Debug|Any CPU = Debug|Any CPU
		Release|Any CPU = Release|Any CPU
	EndGlobalSection
	GlobalSection(ProjectConfigurationPlatforms) = postSolution
		{C541CF39-296B-49FA-959C-A954E4732C7D}.Debug|Any CPU.ActiveCfg = Debug|Any CPU
		{C541CF39-296B-49FA-959C-A954E4732C7D}.Debug|Any CPU.Build.0 = Debug|Any CPU
		{C541CF39-296B-49FA-959C-A954E4732C7D}.Release|Any CPU.ActiveCfg = Release|Any CPU
		{C541CF39-296B-49FA-959C-A954E4732C7D}.Release|Any CPU.Build.0 = Release|Any CPU
		{6666DE8C-6B87-4550-A293-EE58EE2FDE3F}.Debug|Any CPU.ActiveCfg = Debug|Any CPU
		{6666DE8C-6B87-4550-A293-EE58EE2FDE3F}.Debug|Any CPU.Build.0 = Debug|Any CPU
		{6666DE8C-6B87-4550-A293-EE58EE2FDE3F}.Release|Any CPU.ActiveCfg = Release|Any CPU
		{6666DE8C-6B87-4550-A293-EE58EE2FDE3F}.Release|Any CPU.Build.0 = Release|Any CPU
		{BAB48080-288E-404C-A5EE-947909FA92E9}.Debug|Any CPU.ActiveCfg = Debug|Any CPU
		{BAB48080-288E-404C-A5EE-947909FA92E9}.Debug|Any CPU.Build.0 = Debug|Any CPU
		{BAB48080-288E-404C-A5EE-947909FA92E9}.Release|Any CPU.ActiveCfg = Release|Any CPU
		{BAB48080-288E-404C-A5EE-947909FA92E9}.Release|Any CPU.Build.0 = Release|Any CPU
	EndGlobalSection
	GlobalSection(SolutionProperties) = preSolution
		HideSolutionNode = FALSE
	EndGlobalSection
	GlobalSection(ExtensibilityGlobals) = postSolution
		SolutionGuid = {4ADEEDD2-65B4-4A0F-B76C-A08E49950055}
	EndGlobalSection
EndGlobal
